# THIS IS AN AUTOGENERATED FILE. DO NOT EDIT THIS FILE DIRECTLY.
# yarn lockfile v1


use-stick-to-bottom@^1.0.42:
  version "1.0.42"
  resolved "https://registry.yarnpkg.com/use-stick-to-bottom/-/use-stick-to-bottom-1.0.42.tgz#4a4b03b014ebc91d8221482863d4ad6074117d15"
  integrity sha512-glVvYo97VMkOJRRZtHwvwlWEOHUCsE8y8YotfYHYOiFqhi2QHjnEbQLReETApAe17cdMVHC3SvFMBY4X8gkfYw==
